
Microsoft Visual Studio Solution File, Format Version 12.00
# Visual Studio 2012
Project("{FAE04EC0-301F-11D3-BF4B-00C04F79EFBC}") = "MvcApplication1", "MvcApplication1\MvcApplication1.csproj", "{CC295EFF-4DAA-4CD0-B344-47D549FD5EAC}"
EndProject
Global
	GlobalSection(SolutionConfigurationPlatforms) = preSolution
		Debug|Any CPU = Debug|Any CPU
		Release|Any CPU = Release|Any CPU
	EndGlobalSection
	GlobalSection(ProjectConfigurationPlatforms) = postSolution
		{CC295EFF-4DAA-4CD0-B344-47D549FD5EAC}.Debug|Any CPU.ActiveCfg = Debug|Any CPU
		{CC295EFF-4DAA-4CD0-B344-47D549FD5EAC}.Debug|Any CPU.Build.0 = Debug|Any CPU
		{CC295EFF-4DAA-4CD0-B344-47D549FD5EAC}.Release|Any CPU.ActiveCfg = Release|Any CPU
		{CC295EFF-4DAA-4CD0-B344-47D549FD5EAC}.Release|Any CPU.Build.0 = Release|Any CPU
	EndGlobalSection
	GlobalSection(SolutionProperties) = preSolution
		HideSolutionNode = FALSE
	EndGlobalSection
EndGlobal
