
Microsoft Visual Studio Solution File, Format Version 12.00
# Visual Studio Express 2012 for Web
Project("{FAE04EC0-301F-11D3-BF4B-00C04F79EFBC}") = "MvcGeoMap", "MvcGeoMap\MvcGeoMap.csproj", "{7F52FA0F-C063-4399-AEF7-049F5DDEFC81}"
EndProject
Project("{FAE04EC0-301F-11D3-BF4B-00C04F79EFBC}") = "MvcGeoMap.Tests", "MvcGeoMap.Tests\MvcGeoMap.Tests.csproj", "{C0AA565B-92B0-494E-A4DC-72D133581F5D}"
EndProject
Global
	GlobalSection(SolutionConfigurationPlatforms) = preSolution
		Debug|Any CPU = Debug|Any CPU
		Release|Any CPU = Release|Any CPU
	EndGlobalSection
	GlobalSection(ProjectConfigurationPlatforms) = postSolution
		{7F52FA0F-C063-4399-AEF7-049F5DDEFC81}.Debug|Any CPU.ActiveCfg = Debug|Any CPU
		{7F52FA0F-C063-4399-AEF7-049F5DDEFC81}.Debug|Any CPU.Build.0 = Debug|Any CPU
		{7F52FA0F-C063-4399-AEF7-049F5DDEFC81}.Release|Any CPU.ActiveCfg = Release|Any CPU
		{7F52FA0F-C063-4399-AEF7-049F5DDEFC81}.Release|Any CPU.Build.0 = Release|Any CPU
		{C0AA565B-92B0-494E-A4DC-72D133581F5D}.Debug|Any CPU.ActiveCfg = Debug|Any CPU
		{C0AA565B-92B0-494E-A4DC-72D133581F5D}.Debug|Any CPU.Build.0 = Debug|Any CPU
		{C0AA565B-92B0-494E-A4DC-72D133581F5D}.Release|Any CPU.ActiveCfg = Release|Any CPU
		{C0AA565B-92B0-494E-A4DC-72D133581F5D}.Release|Any CPU.Build.0 = Release|Any CPU
	EndGlobalSection
	GlobalSection(SolutionProperties) = preSolution
		HideSolutionNode = FALSE
	EndGlobalSection
EndGlobal
